
Microsoft Visual Studio Solution File, Format Version 12.00
# Visual Studio Version 17
VisualStudioVersion = 17.2.32630.192
MinimumVisualStudioVersion = 10.0.40219.1
Project("{9A19103F-16F7-4668-BE54-9A1E7A4F7556}") = "R5T.S0052", "R5T.S0052\R5T.S0052.csproj", "{F41B459B-C35A-4D8F-A44A-9FD12D65E14D}"
EndProject
Project("{2150E333-8FDC-42A3-9474-1A3956D46DE8}") = "_Dependencies", "_Dependencies", "{4236E2BB-8849-498B-97AB-77F3BA1B24FA}"
EndProject
Project("{9A19103F-16F7-4668-BE54-9A1E7A4F7556}") = "R5T.F0053", "..\..\R5T.F0053\source\R5T.F0053\R5T.F0053.csproj", "{58E82C4A-E833-4EBE-93B5-C3AB219FBCCB}"
EndProject
Project("{9A19103F-16F7-4668-BE54-9A1E7A4F7556}") = "R5T.F0002", "..\..\R5T.F0002\source\R5T.F0002\R5T.F0002.csproj", "{4B69FE72-CF5E-40CE-9F95-4EE692B848C8}"
EndProject
Project("{9A19103F-16F7-4668-BE54-9A1E7A4F7556}") = "R5T.F0052", "..\..\R5T.F0052\source\R5T.F0052\R5T.F0052.csproj", "{F684140C-C1ED-4CDE-9BDD-7C7BC82A6EDE}"
EndProject
Project("{9A19103F-16F7-4668-BE54-9A1E7A4F7556}") = "R5T.F0033", "..\..\R5T.F0033\source\R5T.F0033\R5T.F0033.csproj", "{98CD8CAC-13A8-4309-B08D-BB156A9754FC}"
EndProject
Project("{9A19103F-16F7-4668-BE54-9A1E7A4F7556}") = "R5T.F0000", "..\..\R5T.F0000\source\R5T.F0000\R5T.F0000.csproj", "{D3AA1705-EB36-4E4C-80B3-580AEB81EE84}"
EndProject
Project("{9A19103F-16F7-4668-BE54-9A1E7A4F7556}") = "R5T.F0040.F000", "..\..\R5T.F0040\source\R5T.F0040.F000\R5T.F0040.F000.csproj", "{A1562F9C-5C75-4B8D-BA46-74055126D8B2}"
EndProject
Project("{9A19103F-16F7-4668-BE54-9A1E7A4F7556}") = "R5T.F0054", "..\..\R5T.F0054\source\R5T.F0054\R5T.F0054.csproj", "{0C24CEB4-8AFC-4007-991C-D4DB357E59C0}"
EndProject
Project("{9A19103F-16F7-4668-BE54-9A1E7A4F7556}") = "R5T.T0131", "..\..\R5T.T0131\source\R5T.T0131\R5T.T0131.csproj", "{59612259-FD09-49EF-BA51-6F4C7146BF38}"
EndProject
Project("{9A19103F-16F7-4668-BE54-9A1E7A4F7556}") = "R5T.T0132", "..\..\R5T.T0132\source\R5T.T0132\R5T.T0132.csproj", "{448EA4A8-D93B-4608-9DCC-F78F583D4183}"
EndProject
Project("{9A19103F-16F7-4668-BE54-9A1E7A4F7556}") = "R5T.T0142", "..\..\R5T.T0142\source\R5T.T0142\R5T.T0142.csproj", "{550A528B-C559-4A84-8298-3CF2C8547FAF}"
EndProject
Project("{9A19103F-16F7-4668-BE54-9A1E7A4F7556}") = "R5T.T0143", "..\..\R5T.T0143\source\R5T.T0143\R5T.T0143.csproj", "{97CE3E22-467F-4129-97D4-49D9A528033B}"
EndProject
Project("{9A19103F-16F7-4668-BE54-9A1E7A4F7556}") = "R5T.Y0000", "..\..\R5T.Y0000\source\R5T.Y0000\R5T.Y0000.csproj", "{0B286500-0D7B-486E-A2F7-7A8A66327DE5}"
EndProject
Project("{9A19103F-16F7-4668-BE54-9A1E7A4F7556}") = "R5T.Z0000", "..\..\R5T.Z0000\source\R5T.Z0000\R5T.Z0000.csproj", "{D85B904A-ED55-4AF4-8911-438681B7D238}"
EndProject
Project("{9A19103F-16F7-4668-BE54-9A1E7A4F7556}") = "R5T.Z0021", "..\..\R5T.Z0021\source\R5T.Z0021\R5T.Z0021.csproj", "{A84E6DBC-802B-409E-AB72-BC7527065ED4}"
EndProject
Project("{9A19103F-16F7-4668-BE54-9A1E7A4F7556}") = "R5T.F0083", "..\..\R5T.F0083\source\R5T.F0083\R5T.F0083.csproj", "{42564CDA-F979-4FA9-AF6F-75F549335F78}"
EndProject
Project("{9A19103F-16F7-4668-BE54-9A1E7A4F7556}") = "R5T.F0079", "..\..\R5T.F0079\source\R5T.F0079\R5T.F0079.csproj", "{5C4F642E-C276-4FE2-8F04-A705EAC503A2}"
EndProject
Project("{9A19103F-16F7-4668-BE54-9A1E7A4F7556}") = "R5T.F0083.R001", "..\..\R5T.F0083\source\R5T.F0083.R001\R5T.F0083.R001.csproj", "{CBF67523-E2DA-4158-839E-58DFE50FD1E6}"
EndProject
Project("{9A19103F-16F7-4668-BE54-9A1E7A4F7556}") = "R5T.NG0009", "..\..\R5T.NG0009\source\R5T.NG0009\R5T.NG0009.csproj", "{AAAAECC1-B020-476A-AFB8-6C439ECBBC79}"
EndProject
Project("{9A19103F-16F7-4668-BE54-9A1E7A4F7556}") = "R5T.Z0015", "..\..\R5T.Z0015\source\R5T.Z0015\R5T.Z0015.csproj", "{E599A5B3-D989-4D92-BABB-2CA526524B15}"
EndProject
Project("{9A19103F-16F7-4668-BE54-9A1E7A4F7556}") = "R5T.Z0019", "..\..\R5T.Z0019\source\R5T.Z0019\R5T.Z0019.csproj", "{F7FB3208-959E-4BAF-AABF-0BBF8C9795FD}"
EndProject
Global
	GlobalSection(SolutionConfigurationPlatforms) = preSolution
		Debug|Any CPU = Debug|Any CPU
		Release|Any CPU = Release|Any CPU
	EndGlobalSection
	GlobalSection(ProjectConfigurationPlatforms) = postSolution
		{F41B459B-C35A-4D8F-A44A-9FD12D65E14D}.Debug|Any CPU.ActiveCfg = Debug|Any CPU
		{F41B459B-C35A-4D8F-A44A-9FD12D65E14D}.Debug|Any CPU.Build.0 = Debug|Any CPU
		{F41B459B-C35A-4D8F-A44A-9FD12D65E14D}.Release|Any CPU.ActiveCfg = Release|Any CPU
		{F41B459B-C35A-4D8F-A44A-9FD12D65E14D}.Release|Any CPU.Build.0 = Release|Any CPU
		{58E82C4A-E833-4EBE-93B5-C3AB219FBCCB}.Debug|Any CPU.ActiveCfg = Debug|Any CPU
		{58E82C4A-E833-4EBE-93B5-C3AB219FBCCB}.Debug|Any CPU.Build.0 = Debug|Any CPU
		{58E82C4A-E833-4EBE-93B5-C3AB219FBCCB}.Release|Any CPU.ActiveCfg = Release|Any CPU
		{58E82C4A-E833-4EBE-93B5-C3AB219FBCCB}.Release|Any CPU.Build.0 = Release|Any CPU
		{4B69FE72-CF5E-40CE-9F95-4EE692B848C8}.Debug|Any CPU.ActiveCfg = Debug|Any CPU
		{4B69FE72-CF5E-40CE-9F95-4EE692B848C8}.Debug|Any CPU.Build.0 = Debug|Any CPU
		{4B69FE72-CF5E-40CE-9F95-4EE692B848C8}.Release|Any CPU.ActiveCfg = Release|Any CPU
		{4B69FE72-CF5E-40CE-9F95-4EE692B848C8}.Release|Any CPU.Build.0 = Release|Any CPU
		{F684140C-C1ED-4CDE-9BDD-7C7BC82A6EDE}.Debug|Any CPU.ActiveCfg = Debug|Any CPU
		{F684140C-C1ED-4CDE-9BDD-7C7BC82A6EDE}.Debug|Any CPU.Build.0 = Debug|Any CPU
		{F684140C-C1ED-4CDE-9BDD-7C7BC82A6EDE}.Release|Any CPU.ActiveCfg = Release|Any CPU
		{F684140C-C1ED-4CDE-9BDD-7C7BC82A6EDE}.Release|Any CPU.Build.0 = Release|Any CPU
		{98CD8CAC-13A8-4309-B08D-BB156A9754FC}.Debug|Any CPU.ActiveCfg = Debug|Any CPU
		{98CD8CAC-13A8-4309-B08D-BB156A9754FC}.Debug|Any CPU.Build.0 = Debug|Any CPU
		{98CD8CAC-13A8-4309-B08D-BB156A9754FC}.Release|Any CPU.ActiveCfg = Release|Any CPU
		{98CD8CAC-13A8-4309-B08D-BB156A9754FC}.Release|Any CPU.Build.0 = Release|Any CPU
		{D3AA1705-EB36-4E4C-80B3-580AEB81EE84}.Debug|Any CPU.ActiveCfg = Debug|Any CPU
		{D3AA1705-EB36-4E4C-80B3-580AEB81EE84}.Debug|Any CPU.Build.0 = Debug|Any CPU
		{D3AA1705-EB36-4E4C-80B3-580AEB81EE84}.Release|Any CPU.ActiveCfg = Release|Any CPU
		{D3AA1705-EB36-4E4C-80B3-580AEB81EE84}.Release|Any CPU.Build.0 = Release|Any CPU
		{A1562F9C-5C75-4B8D-BA46-74055126D8B2}.Debug|Any CPU.ActiveCfg = Debug|Any CPU
		{A1562F9C-5C75-4B8D-BA46-74055126D8B2}.Debug|Any CPU.Build.0 = Debug|Any CPU
		{A1562F9C-5C75-4B8D-BA46-74055126D8B2}.Release|Any CPU.ActiveCfg = Release|Any CPU
		{A1562F9C-5C75-4B8D-BA46-74055126D8B2}.Release|Any CPU.Build.0 = Release|Any CPU
		{0C24CEB4-8AFC-4007-991C-D4DB357E59C0}.Debug|Any CPU.ActiveCfg = Debug|Any CPU
		{0C24CEB4-8AFC-4007-991C-D4DB357E59C0}.Debug|Any CPU.Build.0 = Debug|Any CPU
		{0C24CEB4-8AFC-4007-991C-D4DB357E59C0}.Release|Any CPU.ActiveCfg = Release|Any CPU
		{0C24CEB4-8AFC-4007-991C-D4DB357E59C0}.Release|Any CPU.Build.0 = Release|Any CPU
		{59612259-FD09-49EF-BA51-6F4C7146BF38}.Debug|Any CPU.ActiveCfg = Debug|Any CPU
		{59612259-FD09-49EF-BA51-6F4C7146BF38}.Debug|Any CPU.Build.0 = Debug|Any CPU
		{59612259-FD09-49EF-BA51-6F4C7146BF38}.Release|Any CPU.ActiveCfg = Release|Any CPU
		{59612259-FD09-49EF-BA51-6F4C7146BF38}.Release|Any CPU.Build.0 = Release|Any CPU
		{448EA4A8-D93B-4608-9DCC-F78F583D4183}.Debug|Any CPU.ActiveCfg = Debug|Any CPU
		{448EA4A8-D93B-4608-9DCC-F78F583D4183}.Debug|Any CPU.Build.0 = Debug|Any CPU
		{448EA4A8-D93B-4608-9DCC-F78F583D4183}.Release|Any CPU.ActiveCfg = Release|Any CPU
		{448EA4A8-D93B-4608-9DCC-F78F583D4183}.Release|Any CPU.Build.0 = Release|Any CPU
		{550A528B-C559-4A84-8298-3CF2C8547FAF}.Debug|Any CPU.ActiveCfg = Debug|Any CPU
		{550A528B-C559-4A84-8298-3CF2C8547FAF}.Debug|Any CPU.Build.0 = Debug|Any CPU
		{550A528B-C559-4A84-8298-3CF2C8547FAF}.Release|Any CPU.ActiveCfg = Release|Any CPU
		{550A528B-C559-4A84-8298-3CF2C8547FAF}.Release|Any CPU.Build.0 = Release|Any CPU
		{97CE3E22-467F-4129-97D4-49D9A528033B}.Debug|Any CPU.ActiveCfg = Debug|Any CPU
		{97CE3E22-467F-4129-97D4-49D9A528033B}.Debug|Any CPU.Build.0 = Debug|Any CPU
		{97CE3E22-467F-4129-97D4-49D9A528033B}.Release|Any CPU.ActiveCfg = Release|Any CPU
		{97CE3E22-467F-4129-97D4-49D9A528033B}.Release|Any CPU.Build.0 = Release|Any CPU
		{0B286500-0D7B-486E-A2F7-7A8A66327DE5}.Debug|Any CPU.ActiveCfg = Debug|Any CPU
		{0B286500-0D7B-486E-A2F7-7A8A66327DE5}.Debug|Any CPU.Build.0 = Debug|Any CPU
		{0B286500-0D7B-486E-A2F7-7A8A66327DE5}.Release|Any CPU.ActiveCfg = Release|Any CPU
		{0B286500-0D7B-486E-A2F7-7A8A66327DE5}.Release|Any CPU.Build.0 = Release|Any CPU
		{D85B904A-ED55-4AF4-8911-438681B7D238}.Debug|Any CPU.ActiveCfg = Debug|Any CPU
		{D85B904A-ED55-4AF4-8911-438681B7D238}.Debug|Any CPU.Build.0 = Debug|Any CPU
		{D85B904A-ED55-4AF4-8911-438681B7D238}.Release|Any CPU.ActiveCfg = Release|Any CPU
		{D85B904A-ED55-4AF4-8911-438681B7D238}.Release|Any CPU.Build.0 = Release|Any CPU
		{A84E6DBC-802B-409E-AB72-BC7527065ED4}.Debug|Any CPU.ActiveCfg = Debug|Any CPU
		{A84E6DBC-802B-409E-AB72-BC7527065ED4}.Debug|Any CPU.Build.0 = Debug|Any CPU
		{A84E6DBC-802B-409E-AB72-BC7527065ED4}.Release|Any CPU.ActiveCfg = Release|Any CPU
		{A84E6DBC-802B-409E-AB72-BC7527065ED4}.Release|Any CPU.Build.0 = Release|Any CPU
		{42564CDA-F979-4FA9-AF6F-75F549335F78}.Debug|Any CPU.ActiveCfg = Debug|Any CPU
		{42564CDA-F979-4FA9-AF6F-75F549335F78}.Debug|Any CPU.Build.0 = Debug|Any CPU
		{42564CDA-F979-4FA9-AF6F-75F549335F78}.Release|Any CPU.ActiveCfg = Release|Any CPU
		{42564CDA-F979-4FA9-AF6F-75F549335F78}.Release|Any CPU.Build.0 = Release|Any CPU
		{5C4F642E-C276-4FE2-8F04-A705EAC503A2}.Debug|Any CPU.ActiveCfg = Debug|Any CPU
		{5C4F642E-C276-4FE2-8F04-A705EAC503A2}.Debug|Any CPU.Build.0 = Debug|Any CPU
		{5C4F642E-C276-4FE2-8F04-A705EAC503A2}.Release|Any CPU.ActiveCfg = Release|Any CPU
		{5C4F642E-C276-4FE2-8F04-A705EAC503A2}.Release|Any CPU.Build.0 = Release|Any CPU
		{CBF67523-E2DA-4158-839E-58DFE50FD1E6}.Debug|Any CPU.ActiveCfg = Debug|Any CPU
		{CBF67523-E2DA-4158-839E-58DFE50FD1E6}.Debug|Any CPU.Build.0 = Debug|Any CPU
		{CBF67523-E2DA-4158-839E-58DFE50FD1E6}.Release|Any CPU.ActiveCfg = Release|Any CPU
		{CBF67523-E2DA-4158-839E-58DFE50FD1E6}.Release|Any CPU.Build.0 = Release|Any CPU
		{AAAAECC1-B020-476A-AFB8-6C439ECBBC79}.Debug|Any CPU.ActiveCfg = Debug|Any CPU
		{AAAAECC1-B020-476A-AFB8-6C439ECBBC79}.Debug|Any CPU.Build.0 = Debug|Any CPU
		{AAAAECC1-B020-476A-AFB8-6C439ECBBC79}.Release|Any CPU.ActiveCfg = Release|Any CPU
		{AAAAECC1-B020-476A-AFB8-6C439ECBBC79}.Release|Any CPU.Build.0 = Release|Any CPU
		{E599A5B3-D989-4D92-BABB-2CA526524B15}.Debug|Any CPU.ActiveCfg = Debug|Any CPU
		{E599A5B3-D989-4D92-BABB-2CA526524B15}.Debug|Any CPU.Build.0 = Debug|Any CPU
		{E599A5B3-D989-4D92-BABB-2CA526524B15}.Release|Any CPU.ActiveCfg = Release|Any CPU
		{E599A5B3-D989-4D92-BABB-2CA526524B15}.Release|Any CPU.Build.0 = Release|Any CPU
		{F7FB3208-959E-4BAF-AABF-0BBF8C9795FD}.Debug|Any CPU.ActiveCfg = Debug|Any CPU
		{F7FB3208-959E-4BAF-AABF-0BBF8C9795FD}.Debug|Any CPU.Build.0 = Debug|Any CPU
		{F7FB3208-959E-4BAF-AABF-0BBF8C9795FD}.Release|Any CPU.ActiveCfg = Release|Any CPU
		{F7FB3208-959E-4BAF-AABF-0BBF8C9795FD}.Release|Any CPU.Build.0 = Release|Any CPU
	EndGlobalSection
	GlobalSection(SolutionProperties) = preSolution
		HideSolutionNode = FALSE
	EndGlobalSection
	GlobalSection(NestedProjects) = preSolution
		{58E82C4A-E833-4EBE-93B5-C3AB219FBCCB} = {4236E2BB-8849-498B-97AB-77F3BA1B24FA}
		{4B69FE72-CF5E-40CE-9F95-4EE692B848C8} = {4236E2BB-8849-498B-97AB-77F3BA1B24FA}
		{F684140C-C1ED-4CDE-9BDD-7C7BC82A6EDE} = {4236E2BB-8849-498B-97AB-77F3BA1B24FA}
		{98CD8CAC-13A8-4309-B08D-BB156A9754FC} = {4236E2BB-8849-498B-97AB-77F3BA1B24FA}
		{D3AA1705-EB36-4E4C-80B3-580AEB81EE84} = {4236E2BB-8849-498B-97AB-77F3BA1B24FA}
		{A1562F9C-5C75-4B8D-BA46-74055126D8B2} = {4236E2BB-8849-498B-97AB-77F3BA1B24FA}
		{0C24CEB4-8AFC-4007-991C-D4DB357E59C0} = {4236E2BB-8849-498B-97AB-77F3BA1B24FA}
		{59612259-FD09-49EF-BA51-6F4C7146BF38} = {4236E2BB-8849-498B-97AB-77F3BA1B24FA}
		{448EA4A8-D93B-4608-9DCC-F78F583D4183} = {4236E2BB-8849-498B-97AB-77F3BA1B24FA}
		{550A528B-C559-4A84-8298-3CF2C8547FAF} = {4236E2BB-8849-498B-97AB-77F3BA1B24FA}
		{97CE3E22-467F-4129-97D4-49D9A528033B} = {4236E2BB-8849-498B-97AB-77F3BA1B24FA}
		{0B286500-0D7B-486E-A2F7-7A8A66327DE5} = {4236E2BB-8849-498B-97AB-77F3BA1B24FA}
		{D85B904A-ED55-4AF4-8911-438681B7D238} = {4236E2BB-8849-498B-97AB-77F3BA1B24FA}
		{A84E6DBC-802B-409E-AB72-BC7527065ED4} = {4236E2BB-8849-498B-97AB-77F3BA1B24FA}
		{42564CDA-F979-4FA9-AF6F-75F549335F78} = {4236E2BB-8849-498B-97AB-77F3BA1B24FA}
		{5C4F642E-C276-4FE2-8F04-A705EAC503A2} = {4236E2BB-8849-498B-97AB-77F3BA1B24FA}
		{CBF67523-E2DA-4158-839E-58DFE50FD1E6} = {4236E2BB-8849-498B-97AB-77F3BA1B24FA}
		{AAAAECC1-B020-476A-AFB8-6C439ECBBC79} = {4236E2BB-8849-498B-97AB-77F3BA1B24FA}
		{E599A5B3-D989-4D92-BABB-2CA526524B15} = {4236E2BB-8849-498B-97AB-77F3BA1B24FA}
		{F7FB3208-959E-4BAF-AABF-0BBF8C9795FD} = {4236E2BB-8849-498B-97AB-77F3BA1B24FA}
	EndGlobalSection
	GlobalSection(ExtensibilityGlobals) = postSolution
		SolutionGuid = {31BDEFD5-D0E6-4E6A-892F-BF799F3529C7}
	EndGlobalSection
EndGlobal
