
Microsoft Visual Studio Solution File, Format Version 12.00
# Visual Studio Version 17
VisualStudioVersion = 17.2.32630.192
MinimumVisualStudioVersion = 10.0.40219.1
Project("{9A19103F-16F7-4668-BE54-9A1E7A4F7556}") = "R5T.S0052", "R5T.S0052\R5T.S0052.csproj", "{F41B459B-C35A-4D8F-A44A-9FD12D65E14D}"
EndProject
Project("{2150E333-8FDC-42A3-9474-1A3956D46DE8}") = "_Dependencies", "_Dependencies", "{4236E2BB-8849-498B-97AB-77F3BA1B24FA}"
EndProject
Project("{9A19103F-16F7-4668-BE54-9A1E7A4F7556}") = "R5T.F0053", "..\..\R5T.F0053\source\R5T.F0053\R5T.F0053.csproj", "{58E82C4A-E833-4EBE-93B5-C3AB219FBCCB}"
EndProject
Project("{9A19103F-16F7-4668-BE54-9A1E7A4F7556}") = "R5T.F0002", "..\..\R5T.F0002\source\R5T.F0002\R5T.F0002.csproj", "{4B69FE72-CF5E-40CE-9F95-4EE692B848C8}"
EndProject
Project("{9A19103F-16F7-4668-BE54-9A1E7A4F7556}") = "R5T.F0052", "..\..\R5T.F0052\source\R5T.F0052\R5T.F0052.csproj", "{F684140C-C1ED-4CDE-9BDD-7C7BC82A6EDE}"
EndProject
Project("{9A19103F-16F7-4668-BE54-9A1E7A4F7556}") = "R5T.F0033", "..\..\R5T.F0033\source\R5T.F0033\R5T.F0033.csproj", "{98CD8CAC-13A8-4309-B08D-BB156A9754FC}"
EndProject
Project("{9A19103F-16F7-4668-BE54-9A1E7A4F7556}") = "R5T.F0000", "..\..\R5T.F0000\source\R5T.F0000\R5T.F0000.csproj", "{D3AA1705-EB36-4E4C-80B3-580AEB81EE84}"
EndProject
Project("{9A19103F-16F7-4668-BE54-9A1E7A4F7556}") = "R5T.F0040.F000", "..\..\R5T.F0040\source\R5T.F0040.F000\R5T.F0040.F000.csproj", "{A1562F9C-5C75-4B8D-BA46-74055126D8B2}"
EndProject
Project("{9A19103F-16F7-4668-BE54-9A1E7A4F7556}") = "R5T.F0054", "..\..\R5T.F0054\source\R5T.F0054\R5T.F0054.csproj", "{0C24CEB4-8AFC-4007-991C-D4DB357E59C0}"
EndProject
Project("{9A19103F-16F7-4668-BE54-9A1E7A4F7556}") = "R5T.T0131", "..\..\R5T.T0131\source\R5T.T0131\R5T.T0131.csproj", "{59612259-FD09-49EF-BA51-6F4C7146BF38}"
EndProject
Project("{9A19103F-16F7-4668-BE54-9A1E7A4F7556}") = "R5T.T0132", "..\..\R5T.T0132\source\R5T.T0132\R5T.T0132.csproj", "{448EA4A8-D93B-4608-9DCC-F78F583D4183}"
EndProject
Project("{9A19103F-16F7-4668-BE54-9A1E7A4F7556}") = "R5T.T0142", "..\..\R5T.T0142\source\R5T.T0142\R5T.T0142.csproj", "{550A528B-C559-4A84-8298-3CF2C8547FAF}"
EndProject
Project("{9A19103F-16F7-4668-BE54-9A1E7A4F7556}") = "R5T.T0143", "..\..\R5T.T0143\source\R5T.T0143\R5T.T0143.csproj", "{97CE3E22-467F-4129-97D4-49D9A528033B}"
EndProject
Project("{9A19103F-16F7-4668-BE54-9A1E7A4F7556}") = "R5T.Y0000", "..\..\R5T.Y0000\source\R5T.Y0000\R5T.Y0000.csproj", "{0B286500-0D7B-486E-A2F7-7A8A66327DE5}"
EndProject
Project("{9A19103F-16F7-4668-BE54-9A1E7A4F7556}") = "R5T.Z0000", "..\..\R5T.Z0000\source\R5T.Z0000\R5T.Z0000.csproj", "{D85B904A-ED55-4AF4-8911-438681B7D238}"
EndProject
Project("{9A19103F-16F7-4668-BE54-9A1E7A4F7556}") = "R5T.Z0021", "..\..\R5T.Z0021\source\R5T.Z0021\R5T.Z0021.csproj", "{A84E6DBC-802B-409E-AB72-BC7527065ED4}"
EndProject
Project("{9A19103F-16F7-4668-BE54-9A1E7A4F7556}") = "R5T.F0083", "..\..\R5T.F0083\source\R5T.F0083\R5T.F0083.csproj", "{42564CDA-F979-4FA9-AF6F-75F549335F78}"
EndProject
Project("{9A19103F-16F7-4668-BE54-9A1E7A4F7556}") = "R5T.F0079", "..\..\R5T.F0079\source\R5T.F0079\R5T.F0079.csproj", "{5C4F642E-C276-4FE2-8F04-A705EAC503A2}"
EndProject
Project("{9A19103F-16F7-4668-BE54-9A1E7A4F7556}") = "R5T.F0083.R001", "..\..\R5T.F0083\source\R5T.F0083.R001\R5T.F0083.R001.csproj", "{CBF67523-E2DA-4158-839E-58DFE50FD1E6}"
EndProject
Project("{9A19103F-16F7-4668-BE54-9A1E7A4F7556}") = "R5T.NG0009", "..\..\R5T.NG0009\source\R5T.NG0009\R5T.NG0009.csproj", "{AAAAECC1-B020-476A-AFB8-6C439ECBBC79}"
EndProject
Project("{9A19103F-16F7-4668-BE54-9A1E7A4F7556}") = "R5T.Z0015", "..\..\R5T.Z0015\source\R5T.Z0015\R5T.Z0015.csproj", "{E599A5B3-D989-4D92-BABB-2CA526524B15}"
EndProject
Project("{9A19103F-16F7-4668-BE54-9A1E7A4F7556}") = "R5T.Z0019", "..\..\R5T.Z0019\source\R5T.Z0019\R5T.Z0019.csproj", "{F7FB3208-959E-4BAF-AABF-0BBF8C9795FD}"
EndProject
Project("{9A19103F-16F7-4668-BE54-9A1E7A4F7556}") = "R5T.F0089", "..\..\R5T.F0089\source\R5T.F0089\R5T.F0089.csproj", "{606C851C-4A33-4634-849F-E50450A63F01}"
EndProject
Project("{9A19103F-16F7-4668-BE54-9A1E7A4F7556}") = "R5T.F0019", "..\..\R5T.F0019\source\R5T.F0019\R5T.F0019.csproj", "{A2BDF7F4-D1A9-40A4-BC0B-B2F54DF8835C}"
EndProject
Project("{9A19103F-16F7-4668-BE54-9A1E7A4F7556}") = "R5T.F0032", "..\..\R5T.F0032\source\R5T.F0032\R5T.F0032.csproj", "{BA6369D0-7BBF-4C22-8864-350C4CBD166E}"
EndProject
Project("{9A19103F-16F7-4668-BE54-9A1E7A4F7556}") = "R5T.F0041", "..\..\R5T.F0041\source\R5T.F0041\R5T.F0041.csproj", "{3F039350-9AD4-456B-9D45-D5B71B17E2F1}"
EndProject
Project("{9A19103F-16F7-4668-BE54-9A1E7A4F7556}") = "R5T.F0044", "..\..\R5T.F0044\source\R5T.F0044\R5T.F0044.csproj", "{587AE301-714C-4C3A-9D4B-0A9A1A339240}"
EndProject
Project("{9A19103F-16F7-4668-BE54-9A1E7A4F7556}") = "R5T.F0046", "..\..\R5T.F0046\source\R5T.F0046\R5T.F0046.csproj", "{1A4BB157-33D2-4677-933F-88B3CDAD0EC7}"
EndProject
Project("{9A19103F-16F7-4668-BE54-9A1E7A4F7556}") = "R5T.F0047", "..\..\R5T.F0047\source\R5T.F0047\R5T.F0047.csproj", "{795C387D-06A2-4C70-8EB6-3643798B9969}"
EndProject
Project("{9A19103F-16F7-4668-BE54-9A1E7A4F7556}") = "R5T.F0048", "..\..\R5T.F0048\source\R5T.F0048\R5T.F0048.csproj", "{FE8C703D-4744-4A82-9105-BAADC935794F}"
EndProject
Project("{9A19103F-16F7-4668-BE54-9A1E7A4F7556}") = "R5T.F0050", "..\..\R5T.F0050\source\R5T.F0050\R5T.F0050.csproj", "{9AA7D31F-08C6-4758-A5BC-35AF28BC3C59}"
EndProject
Project("{9A19103F-16F7-4668-BE54-9A1E7A4F7556}") = "R5T.F0055", "..\..\R5T.F0055\source\R5T.F0055\R5T.F0055.csproj", "{F3FAB929-7490-4075-8C6D-F7ACDA37E6F4}"
EndProject
Project("{9A19103F-16F7-4668-BE54-9A1E7A4F7556}") = "R5T.F0057", "..\..\R5T.F0057\source\R5T.F0057\R5T.F0057.csproj", "{73010EDF-494E-4C0A-B813-98B29ACC03F8}"
EndProject
Project("{9A19103F-16F7-4668-BE54-9A1E7A4F7556}") = "R5T.F0078", "..\..\R5T.F0078\source\R5T.F0078\R5T.F0078.csproj", "{C6E20AC4-2106-4336-95FB-C61653226AE8}"
EndProject
Project("{9A19103F-16F7-4668-BE54-9A1E7A4F7556}") = "R5T.F0086", "..\..\R5T.F0086\source\R5T.F0086\R5T.F0086.csproj", "{F39877CF-669F-4D20-BB1C-5C8725040760}"
EndProject
Project("{9A19103F-16F7-4668-BE54-9A1E7A4F7556}") = "R5T.L0001.Y000", "..\..\R5T.L0001\source\R5T.L0001.Y000\R5T.L0001.Y000.csproj", "{F26F902F-AB3F-4249-9A32-518515156927}"
EndProject
Project("{9A19103F-16F7-4668-BE54-9A1E7A4F7556}") = "R5T.L0001.Z000", "..\..\R5T.L0001\source\R5T.L0001.Z000\R5T.L0001.Z000.csproj", "{1E2917DC-D92B-4FDE-BF41-5813E8879E8D}"
EndProject
Project("{9A19103F-16F7-4668-BE54-9A1E7A4F7556}") = "R5T.L0001", "..\..\R5T.L0001\source\R5T.L0001\R5T.L0001.csproj", "{1DEE2E64-327D-499A-B023-531AE65A10E4}"
EndProject
Project("{9A19103F-16F7-4668-BE54-9A1E7A4F7556}") = "R5T.NG0005", "..\..\R5T.NG0005\source\R5T.NG0005\R5T.NG0005.csproj", "{C275177C-77FD-4701-9D94-B607AB07832A}"
EndProject
Project("{9A19103F-16F7-4668-BE54-9A1E7A4F7556}") = "R5T.NG0006", "..\..\R5T.NG0006\source\R5T.NG0006\R5T.NG0006.csproj", "{C4F527F9-C96B-4188-8A63-27E02FDAB62C}"
EndProject
Project("{9A19103F-16F7-4668-BE54-9A1E7A4F7556}") = "R5T.NG0008", "..\..\R5T.NG0008\source\R5T.NG0008\R5T.NG0008.csproj", "{E4B302CD-3FD0-4F51-8C4C-88F9448BC1DF}"
EndProject
Project("{9A19103F-16F7-4668-BE54-9A1E7A4F7556}") = "R5T.NG0014", "..\..\R5T.NG0014\source\R5T.NG0014\R5T.NG0014.csproj", "{2F554BC8-B7FE-44B8-9175-DA31A997AE08}"
EndProject
Project("{9A19103F-16F7-4668-BE54-9A1E7A4F7556}") = "R5T.T0046", "..\..\R5T.T0046\source\R5T.T0046\R5T.T0046.csproj", "{3A7B3551-1DA9-4D96-BD62-60D5061F1037}"
EndProject
Project("{9A19103F-16F7-4668-BE54-9A1E7A4F7556}") = "R5T.T0144", "..\..\R5T.T0144\source\R5T.T0144\R5T.T0144.csproj", "{8119D238-0635-45D1-A8A8-1BABA556DBAE}"
EndProject
Project("{9A19103F-16F7-4668-BE54-9A1E7A4F7556}") = "R5T.T0153", "..\..\R5T.T0153\source\R5T.T0153\R5T.T0153.csproj", "{D8549AAD-ED51-495E-A8E0-26AC059EC9DD}"
EndProject
Project("{9A19103F-16F7-4668-BE54-9A1E7A4F7556}") = "R5T.Y0004", "..\..\R5T.Y0004\source\R5T.Y0004\R5T.Y0004.csproj", "{703660AF-F6C9-475E-8A8C-EE40A145A69E}"
EndProject
Project("{9A19103F-16F7-4668-BE54-9A1E7A4F7556}") = "R5T.Z0005", "..\..\R5T.Z0005\source\R5T.Z0005\R5T.Z0005.csproj", "{3AF5EBD3-22E4-42D0-9815-A5F79E69B0C6}"
EndProject
Project("{9A19103F-16F7-4668-BE54-9A1E7A4F7556}") = "R5T.Z0013", "..\..\R5T.Z0013\source\R5T.Z0013\R5T.Z0013.csproj", "{AEE17D86-7DC7-4ACB-A5B8-134C0CADE3CC}"
EndProject
Project("{9A19103F-16F7-4668-BE54-9A1E7A4F7556}") = "R5T.L0026", "..\..\R5T.L0026\source\R5T.L0026\R5T.L0026.csproj", "{5327EACD-D9E9-49FC-8CD2-B2F121FD6C5B}"
EndProject
Project("{9A19103F-16F7-4668-BE54-9A1E7A4F7556}") = "R5T.L0026.T000", "..\..\R5T.L0026\source\R5T.L0026.T000\R5T.L0026.T000.csproj", "{8541FCE2-F080-486E-8685-BDB62A9052ED}"
EndProject
Project("{9A19103F-16F7-4668-BE54-9A1E7A4F7556}") = "R5T.Z0007", "..\..\R5T.Z0007\source\R5T.Z0007\R5T.Z0007.csproj", "{E07CB1DE-F3E2-4110-B99D-492838EC2A2C}"
EndProject
Project("{9A19103F-16F7-4668-BE54-9A1E7A4F7556}") = "R5T.F0094", "..\..\R5T.F0094\source\R5T.F0094\R5T.F0094.csproj", "{D195E75B-8C63-4632-A0B4-E31992FC104C}"
EndProject
Project("{9A19103F-16F7-4668-BE54-9A1E7A4F7556}") = "R5T.F0095", "..\..\R5T.F0095\source\R5T.F0095\R5T.F0095.csproj", "{D343BB3D-94AD-41DF-868B-38ADD258291B}"
EndProject
Project("{9A19103F-16F7-4668-BE54-9A1E7A4F7556}") = "R5T.F0091", "..\..\R5T.F0091\source\R5T.F0091\R5T.F0091.csproj", "{02ACE5B4-99C8-4395-ACDC-11475DA1C326}"
EndProject
Project("{9A19103F-16F7-4668-BE54-9A1E7A4F7556}") = "R5T.F0033.Platform", "..\..\R5T.F0033\source\R5T.F0033.Platform\R5T.F0033.Platform.csproj", "{D06BFF53-6BB6-49C6-AEB5-3626D29DC381}"
EndProject
Project("{9A19103F-16F7-4668-BE54-9A1E7A4F7556}") = "R5T.F0120", "..\..\R5T.F0120\source\R5T.F0120\R5T.F0120.csproj", "{B393F45D-088A-4F17-8437-D7CB6CF358C8}"
EndProject
Project("{9A19103F-16F7-4668-BE54-9A1E7A4F7556}") = "R5T.F0124", "..\..\R5T.F0124\source\R5T.F0124\R5T.F0124.csproj", "{AB3F3C30-21D9-4120-B582-D4C46656FD75}"
EndProject
Project("{9A19103F-16F7-4668-BE54-9A1E7A4F7556}") = "R5T.L0053", "..\..\R5T.L0053\source\R5T.L0053\R5T.L0053.csproj", "{2705E6B7-F014-4710-B924-E85307828B5F}"
EndProject
Project("{9A19103F-16F7-4668-BE54-9A1E7A4F7556}") = "R5T.L0066", "..\..\R5T.L0066\source\R5T.L0066\R5T.L0066.csproj", "{9D4E2046-8081-419D-B010-70D4CE0D7905}"
EndProject
Project("{9A19103F-16F7-4668-BE54-9A1E7A4F7556}") = "R5T.L0071", "..\..\R5T.L0071\source\R5T.L0071\R5T.L0071.csproj", "{4EEB85F0-BB42-4EFE-9075-9E1C92A8DC8A}"
EndProject
Project("{9A19103F-16F7-4668-BE54-9A1E7A4F7556}") = "R5T.NG0022", "..\..\R5T.NG0022\source\R5T.NG0022\R5T.NG0022.csproj", "{86B7AF86-4318-4955-8744-0D6A14EE69CB}"
EndProject
Project("{9A19103F-16F7-4668-BE54-9A1E7A4F7556}") = "R5T.T0154", "..\..\R5T.T0154\source\R5T.T0154\R5T.T0154.csproj", "{783CF747-6F28-40C9-B074-78DBB2205CA0}"
EndProject
Project("{9A19103F-16F7-4668-BE54-9A1E7A4F7556}") = "R5T.T0156", "..\..\R5T.T0156\source\R5T.T0156\R5T.T0156.csproj", "{062B7E4F-C35D-44D0-96A5-12AAA9C444D2}"
EndProject
Project("{9A19103F-16F7-4668-BE54-9A1E7A4F7556}") = "R5T.T0174", "..\..\R5T.T0174\source\R5T.T0174\R5T.T0174.csproj", "{CFF48D2A-ACB2-46C9-BA5D-05101C82580D}"
EndProject
Project("{9A19103F-16F7-4668-BE54-9A1E7A4F7556}") = "R5T.T0176", "..\..\R5T.T0176\source\R5T.T0176\R5T.T0176.csproj", "{8B0E1FA2-8AF5-4742-98E4-90043EC0F4F0}"
EndProject
Project("{9A19103F-16F7-4668-BE54-9A1E7A4F7556}") = "R5T.T0177", "..\..\R5T.T0177\source\R5T.T0177\R5T.T0177.csproj", "{E9900C4C-9B3D-49CA-91D6-6F4809CBFB46}"
EndProject
Project("{9A19103F-16F7-4668-BE54-9A1E7A4F7556}") = "R5T.T0178", "..\..\R5T.T0178\source\R5T.T0178\R5T.T0178.csproj", "{83CD6C98-71EB-475E-BED7-7203053346C6}"
EndProject
Project("{9A19103F-16F7-4668-BE54-9A1E7A4F7556}") = "R5T.T0179", "..\..\R5T.T0179\source\R5T.T0179\R5T.T0179.csproj", "{E803A424-B80C-4A85-BBCD-56714EFC8083}"
EndProject
Project("{9A19103F-16F7-4668-BE54-9A1E7A4F7556}") = "R5T.T0180", "..\..\R5T.T0180\source\R5T.T0180\R5T.T0180.csproj", "{84FF6BB8-0E30-49BE-B878-7C0B4E4918AF}"
EndProject
Project("{9A19103F-16F7-4668-BE54-9A1E7A4F7556}") = "R5T.T0181", "..\..\R5T.T0181\source\R5T.T0181\R5T.T0181.csproj", "{497C2B38-24A6-4CC1-B414-BA85E1EDA7BB}"
EndProject
Project("{9A19103F-16F7-4668-BE54-9A1E7A4F7556}") = "R5T.T0185", "..\..\R5T.T0185\source\R5T.T0185\R5T.T0185.csproj", "{D1607B5E-9CE8-49A7-9CF0-4461C7542AA0}"
EndProject
Project("{9A19103F-16F7-4668-BE54-9A1E7A4F7556}") = "R5T.T0199.T000", "..\..\R5T.T0199\source\R5T.T0199.T000\R5T.T0199.T000.csproj", "{63E0DC2C-7898-47AF-ACD7-113AB1708E64}"
EndProject
Project("{9A19103F-16F7-4668-BE54-9A1E7A4F7556}") = "R5T.T0199.T001", "..\..\R5T.T0199\source\R5T.T0199.T001\R5T.T0199.T001.csproj", "{DCB2E123-4B68-4B65-BD30-B4CAA301C144}"
EndProject
Project("{9A19103F-16F7-4668-BE54-9A1E7A4F7556}") = "R5T.T0199", "..\..\R5T.T0199\source\R5T.T0199\R5T.T0199.csproj", "{0256A091-5EC5-4B33-B19C-0C5ED1357F99}"
EndProject
Project("{9A19103F-16F7-4668-BE54-9A1E7A4F7556}") = "R5T.T0209", "..\..\R5T.T0209\source\R5T.T0209\R5T.T0209.csproj", "{7FE12533-5356-4B89-A52E-954B500BB3ED}"
EndProject
Project("{9A19103F-16F7-4668-BE54-9A1E7A4F7556}") = "R5T.T0220", "..\..\R5T.T0220\source\R5T.T0220\R5T.T0220.csproj", "{5F9611FF-276E-4B11-A747-AC3ABF6C470C}"
EndProject
Project("{9A19103F-16F7-4668-BE54-9A1E7A4F7556}") = "R5T.T0221", "..\..\R5T.T0221\source\R5T.T0221\R5T.T0221.csproj", "{7D2214EF-12B1-4A7B-934F-F752009481D8}"
EndProject
Project("{9A19103F-16F7-4668-BE54-9A1E7A4F7556}") = "R5T.Y0006", "..\..\R5T.Y0006\source\R5T.Y0006\R5T.Y0006.csproj", "{677297EB-7EE6-4B69-80D7-9B655AA421E9}"
EndProject
Project("{9A19103F-16F7-4668-BE54-9A1E7A4F7556}") = "R5T.Z0006", "..\..\R5T.Z0006\source\R5T.Z0006\R5T.Z0006.csproj", "{CB3BE5FB-DA2F-4C1F-ACB0-4B161439A598}"
EndProject
Project("{9A19103F-16F7-4668-BE54-9A1E7A4F7556}") = "R5T.Z0010.Platform", "..\..\R5T.Z0010\source\R5T.Z0010.Platform\R5T.Z0010.Platform.csproj", "{75E5543C-55D2-4432-AB90-714838B3DA3D}"
EndProject
Global
	GlobalSection(NestedProjects) = preSolution
		{58E82C4A-E833-4EBE-93B5-C3AB219FBCCB} = {4236E2BB-8849-498B-97AB-77F3BA1B24FA}
		{4B69FE72-CF5E-40CE-9F95-4EE692B848C8} = {4236E2BB-8849-498B-97AB-77F3BA1B24FA}
		{F684140C-C1ED-4CDE-9BDD-7C7BC82A6EDE} = {4236E2BB-8849-498B-97AB-77F3BA1B24FA}
		{98CD8CAC-13A8-4309-B08D-BB156A9754FC} = {4236E2BB-8849-498B-97AB-77F3BA1B24FA}
		{D3AA1705-EB36-4E4C-80B3-580AEB81EE84} = {4236E2BB-8849-498B-97AB-77F3BA1B24FA}
		{A1562F9C-5C75-4B8D-BA46-74055126D8B2} = {4236E2BB-8849-498B-97AB-77F3BA1B24FA}
		{0C24CEB4-8AFC-4007-991C-D4DB357E59C0} = {4236E2BB-8849-498B-97AB-77F3BA1B24FA}
		{59612259-FD09-49EF-BA51-6F4C7146BF38} = {4236E2BB-8849-498B-97AB-77F3BA1B24FA}
		{448EA4A8-D93B-4608-9DCC-F78F583D4183} = {4236E2BB-8849-498B-97AB-77F3BA1B24FA}
		{550A528B-C559-4A84-8298-3CF2C8547FAF} = {4236E2BB-8849-498B-97AB-77F3BA1B24FA}
		{97CE3E22-467F-4129-97D4-49D9A528033B} = {4236E2BB-8849-498B-97AB-77F3BA1B24FA}
		{0B286500-0D7B-486E-A2F7-7A8A66327DE5} = {4236E2BB-8849-498B-97AB-77F3BA1B24FA}
		{D85B904A-ED55-4AF4-8911-438681B7D238} = {4236E2BB-8849-498B-97AB-77F3BA1B24FA}
		{A84E6DBC-802B-409E-AB72-BC7527065ED4} = {4236E2BB-8849-498B-97AB-77F3BA1B24FA}
		{42564CDA-F979-4FA9-AF6F-75F549335F78} = {4236E2BB-8849-498B-97AB-77F3BA1B24FA}
		{5C4F642E-C276-4FE2-8F04-A705EAC503A2} = {4236E2BB-8849-498B-97AB-77F3BA1B24FA}
		{CBF67523-E2DA-4158-839E-58DFE50FD1E6} = {4236E2BB-8849-498B-97AB-77F3BA1B24FA}
		{AAAAECC1-B020-476A-AFB8-6C439ECBBC79} = {4236E2BB-8849-498B-97AB-77F3BA1B24FA}
		{E599A5B3-D989-4D92-BABB-2CA526524B15} = {4236E2BB-8849-498B-97AB-77F3BA1B24FA}
		{F7FB3208-959E-4BAF-AABF-0BBF8C9795FD} = {4236E2BB-8849-498B-97AB-77F3BA1B24FA}
		{606C851C-4A33-4634-849F-E50450A63F01} = {4236E2BB-8849-498B-97AB-77F3BA1B24FA}
		{A2BDF7F4-D1A9-40A4-BC0B-B2F54DF8835C} = {4236E2BB-8849-498B-97AB-77F3BA1B24FA}
		{BA6369D0-7BBF-4C22-8864-350C4CBD166E} = {4236E2BB-8849-498B-97AB-77F3BA1B24FA}
		{3F039350-9AD4-456B-9D45-D5B71B17E2F1} = {4236E2BB-8849-498B-97AB-77F3BA1B24FA}
		{587AE301-714C-4C3A-9D4B-0A9A1A339240} = {4236E2BB-8849-498B-97AB-77F3BA1B24FA}
		{1A4BB157-33D2-4677-933F-88B3CDAD0EC7} = {4236E2BB-8849-498B-97AB-77F3BA1B24FA}
		{795C387D-06A2-4C70-8EB6-3643798B9969} = {4236E2BB-8849-498B-97AB-77F3BA1B24FA}
		{FE8C703D-4744-4A82-9105-BAADC935794F} = {4236E2BB-8849-498B-97AB-77F3BA1B24FA}
		{9AA7D31F-08C6-4758-A5BC-35AF28BC3C59} = {4236E2BB-8849-498B-97AB-77F3BA1B24FA}
		{F3FAB929-7490-4075-8C6D-F7ACDA37E6F4} = {4236E2BB-8849-498B-97AB-77F3BA1B24FA}
		{73010EDF-494E-4C0A-B813-98B29ACC03F8} = {4236E2BB-8849-498B-97AB-77F3BA1B24FA}
		{C6E20AC4-2106-4336-95FB-C61653226AE8} = {4236E2BB-8849-498B-97AB-77F3BA1B24FA}
		{F39877CF-669F-4D20-BB1C-5C8725040760} = {4236E2BB-8849-498B-97AB-77F3BA1B24FA}
		{F26F902F-AB3F-4249-9A32-518515156927} = {4236E2BB-8849-498B-97AB-77F3BA1B24FA}
		{1E2917DC-D92B-4FDE-BF41-5813E8879E8D} = {4236E2BB-8849-498B-97AB-77F3BA1B24FA}
		{1DEE2E64-327D-499A-B023-531AE65A10E4} = {4236E2BB-8849-498B-97AB-77F3BA1B24FA}
		{C275177C-77FD-4701-9D94-B607AB07832A} = {4236E2BB-8849-498B-97AB-77F3BA1B24FA}
		{C4F527F9-C96B-4188-8A63-27E02FDAB62C} = {4236E2BB-8849-498B-97AB-77F3BA1B24FA}
		{E4B302CD-3FD0-4F51-8C4C-88F9448BC1DF} = {4236E2BB-8849-498B-97AB-77F3BA1B24FA}
		{2F554BC8-B7FE-44B8-9175-DA31A997AE08} = {4236E2BB-8849-498B-97AB-77F3BA1B24FA}
		{3A7B3551-1DA9-4D96-BD62-60D5061F1037} = {4236E2BB-8849-498B-97AB-77F3BA1B24FA}
		{8119D238-0635-45D1-A8A8-1BABA556DBAE} = {4236E2BB-8849-498B-97AB-77F3BA1B24FA}
		{D8549AAD-ED51-495E-A8E0-26AC059EC9DD} = {4236E2BB-8849-498B-97AB-77F3BA1B24FA}
		{703660AF-F6C9-475E-8A8C-EE40A145A69E} = {4236E2BB-8849-498B-97AB-77F3BA1B24FA}
		{3AF5EBD3-22E4-42D0-9815-A5F79E69B0C6} = {4236E2BB-8849-498B-97AB-77F3BA1B24FA}
		{AEE17D86-7DC7-4ACB-A5B8-134C0CADE3CC} = {4236E2BB-8849-498B-97AB-77F3BA1B24FA}
		{5327EACD-D9E9-49FC-8CD2-B2F121FD6C5B} = {4236E2BB-8849-498B-97AB-77F3BA1B24FA}
		{8541FCE2-F080-486E-8685-BDB62A9052ED} = {4236E2BB-8849-498B-97AB-77F3BA1B24FA}
		{E07CB1DE-F3E2-4110-B99D-492838EC2A2C} = {4236E2BB-8849-498B-97AB-77F3BA1B24FA}
		{D195E75B-8C63-4632-A0B4-E31992FC104C} = {4236E2BB-8849-498B-97AB-77F3BA1B24FA}
		{D343BB3D-94AD-41DF-868B-38ADD258291B} = {4236E2BB-8849-498B-97AB-77F3BA1B24FA}
		{02ACE5B4-99C8-4395-ACDC-11475DA1C326} = {4236E2BB-8849-498B-97AB-77F3BA1B24FA}
		{D06BFF53-6BB6-49C6-AEB5-3626D29DC381} = {4236E2BB-8849-498B-97AB-77F3BA1B24FA}
		{B393F45D-088A-4F17-8437-D7CB6CF358C8} = {4236E2BB-8849-498B-97AB-77F3BA1B24FA}
		{AB3F3C30-21D9-4120-B582-D4C46656FD75} = {4236E2BB-8849-498B-97AB-77F3BA1B24FA}
		{2705E6B7-F014-4710-B924-E85307828B5F} = {4236E2BB-8849-498B-97AB-77F3BA1B24FA}
		{9D4E2046-8081-419D-B010-70D4CE0D7905} = {4236E2BB-8849-498B-97AB-77F3BA1B24FA}
		{4EEB85F0-BB42-4EFE-9075-9E1C92A8DC8A} = {4236E2BB-8849-498B-97AB-77F3BA1B24FA}
		{86B7AF86-4318-4955-8744-0D6A14EE69CB} = {4236E2BB-8849-498B-97AB-77F3BA1B24FA}
		{783CF747-6F28-40C9-B074-78DBB2205CA0} = {4236E2BB-8849-498B-97AB-77F3BA1B24FA}
		{062B7E4F-C35D-44D0-96A5-12AAA9C444D2} = {4236E2BB-8849-498B-97AB-77F3BA1B24FA}
		{CFF48D2A-ACB2-46C9-BA5D-05101C82580D} = {4236E2BB-8849-498B-97AB-77F3BA1B24FA}
		{8B0E1FA2-8AF5-4742-98E4-90043EC0F4F0} = {4236E2BB-8849-498B-97AB-77F3BA1B24FA}
		{E9900C4C-9B3D-49CA-91D6-6F4809CBFB46} = {4236E2BB-8849-498B-97AB-77F3BA1B24FA}
		{83CD6C98-71EB-475E-BED7-7203053346C6} = {4236E2BB-8849-498B-97AB-77F3BA1B24FA}
		{E803A424-B80C-4A85-BBCD-56714EFC8083} = {4236E2BB-8849-498B-97AB-77F3BA1B24FA}
		{84FF6BB8-0E30-49BE-B878-7C0B4E4918AF} = {4236E2BB-8849-498B-97AB-77F3BA1B24FA}
		{497C2B38-24A6-4CC1-B414-BA85E1EDA7BB} = {4236E2BB-8849-498B-97AB-77F3BA1B24FA}
		{D1607B5E-9CE8-49A7-9CF0-4461C7542AA0} = {4236E2BB-8849-498B-97AB-77F3BA1B24FA}
		{63E0DC2C-7898-47AF-ACD7-113AB1708E64} = {4236E2BB-8849-498B-97AB-77F3BA1B24FA}
		{DCB2E123-4B68-4B65-BD30-B4CAA301C144} = {4236E2BB-8849-498B-97AB-77F3BA1B24FA}
		{0256A091-5EC5-4B33-B19C-0C5ED1357F99} = {4236E2BB-8849-498B-97AB-77F3BA1B24FA}
		{7FE12533-5356-4B89-A52E-954B500BB3ED} = {4236E2BB-8849-498B-97AB-77F3BA1B24FA}
		{5F9611FF-276E-4B11-A747-AC3ABF6C470C} = {4236E2BB-8849-498B-97AB-77F3BA1B24FA}
		{7D2214EF-12B1-4A7B-934F-F752009481D8} = {4236E2BB-8849-498B-97AB-77F3BA1B24FA}
		{677297EB-7EE6-4B69-80D7-9B655AA421E9} = {4236E2BB-8849-498B-97AB-77F3BA1B24FA}
		{CB3BE5FB-DA2F-4C1F-ACB0-4B161439A598} = {4236E2BB-8849-498B-97AB-77F3BA1B24FA}
		{75E5543C-55D2-4432-AB90-714838B3DA3D} = {4236E2BB-8849-498B-97AB-77F3BA1B24FA}
	EndGlobalSection
	GlobalSection(SolutionConfigurationPlatforms) = preSolution
		Debug|Any CPU = Debug|Any CPU
		Release|Any CPU = Release|Any CPU
	EndGlobalSection
	GlobalSection(ProjectConfigurationPlatforms) = postSolution
		{F41B459B-C35A-4D8F-A44A-9FD12D65E14D}.Debug|Any CPU.ActiveCfg = Debug|Any CPU
		{F41B459B-C35A-4D8F-A44A-9FD12D65E14D}.Debug|Any CPU.Build.0 = Debug|Any CPU
		{F41B459B-C35A-4D8F-A44A-9FD12D65E14D}.Release|Any CPU.ActiveCfg = Release|Any CPU
		{F41B459B-C35A-4D8F-A44A-9FD12D65E14D}.Release|Any CPU.Build.0 = Release|Any CPU
		{58E82C4A-E833-4EBE-93B5-C3AB219FBCCB}.Debug|Any CPU.ActiveCfg = Debug|Any CPU
		{58E82C4A-E833-4EBE-93B5-C3AB219FBCCB}.Debug|Any CPU.Build.0 = Debug|Any CPU
		{58E82C4A-E833-4EBE-93B5-C3AB219FBCCB}.Release|Any CPU.ActiveCfg = Release|Any CPU
		{58E82C4A-E833-4EBE-93B5-C3AB219FBCCB}.Release|Any CPU.Build.0 = Release|Any CPU
		{4B69FE72-CF5E-40CE-9F95-4EE692B848C8}.Debug|Any CPU.ActiveCfg = Debug|Any CPU
		{4B69FE72-CF5E-40CE-9F95-4EE692B848C8}.Debug|Any CPU.Build.0 = Debug|Any CPU
		{4B69FE72-CF5E-40CE-9F95-4EE692B848C8}.Release|Any CPU.ActiveCfg = Release|Any CPU
		{4B69FE72-CF5E-40CE-9F95-4EE692B848C8}.Release|Any CPU.Build.0 = Release|Any CPU
		{F684140C-C1ED-4CDE-9BDD-7C7BC82A6EDE}.Debug|Any CPU.ActiveCfg = Debug|Any CPU
		{F684140C-C1ED-4CDE-9BDD-7C7BC82A6EDE}.Debug|Any CPU.Build.0 = Debug|Any CPU
		{F684140C-C1ED-4CDE-9BDD-7C7BC82A6EDE}.Release|Any CPU.ActiveCfg = Release|Any CPU
		{F684140C-C1ED-4CDE-9BDD-7C7BC82A6EDE}.Release|Any CPU.Build.0 = Release|Any CPU
		{98CD8CAC-13A8-4309-B08D-BB156A9754FC}.Debug|Any CPU.ActiveCfg = Debug|Any CPU
		{98CD8CAC-13A8-4309-B08D-BB156A9754FC}.Debug|Any CPU.Build.0 = Debug|Any CPU
		{98CD8CAC-13A8-4309-B08D-BB156A9754FC}.Release|Any CPU.ActiveCfg = Release|Any CPU
		{98CD8CAC-13A8-4309-B08D-BB156A9754FC}.Release|Any CPU.Build.0 = Release|Any CPU
		{D3AA1705-EB36-4E4C-80B3-580AEB81EE84}.Debug|Any CPU.ActiveCfg = Debug|Any CPU
		{D3AA1705-EB36-4E4C-80B3-580AEB81EE84}.Debug|Any CPU.Build.0 = Debug|Any CPU
		{D3AA1705-EB36-4E4C-80B3-580AEB81EE84}.Release|Any CPU.ActiveCfg = Release|Any CPU
		{D3AA1705-EB36-4E4C-80B3-580AEB81EE84}.Release|Any CPU.Build.0 = Release|Any CPU
		{A1562F9C-5C75-4B8D-BA46-74055126D8B2}.Debug|Any CPU.ActiveCfg = Debug|Any CPU
		{A1562F9C-5C75-4B8D-BA46-74055126D8B2}.Debug|Any CPU.Build.0 = Debug|Any CPU
		{A1562F9C-5C75-4B8D-BA46-74055126D8B2}.Release|Any CPU.ActiveCfg = Release|Any CPU
		{A1562F9C-5C75-4B8D-BA46-74055126D8B2}.Release|Any CPU.Build.0 = Release|Any CPU
		{0C24CEB4-8AFC-4007-991C-D4DB357E59C0}.Debug|Any CPU.ActiveCfg = Debug|Any CPU
		{0C24CEB4-8AFC-4007-991C-D4DB357E59C0}.Debug|Any CPU.Build.0 = Debug|Any CPU
		{0C24CEB4-8AFC-4007-991C-D4DB357E59C0}.Release|Any CPU.ActiveCfg = Release|Any CPU
		{0C24CEB4-8AFC-4007-991C-D4DB357E59C0}.Release|Any CPU.Build.0 = Release|Any CPU
		{59612259-FD09-49EF-BA51-6F4C7146BF38}.Debug|Any CPU.ActiveCfg = Debug|Any CPU
		{59612259-FD09-49EF-BA51-6F4C7146BF38}.Debug|Any CPU.Build.0 = Debug|Any CPU
		{59612259-FD09-49EF-BA51-6F4C7146BF38}.Release|Any CPU.ActiveCfg = Release|Any CPU
		{59612259-FD09-49EF-BA51-6F4C7146BF38}.Release|Any CPU.Build.0 = Release|Any CPU
		{448EA4A8-D93B-4608-9DCC-F78F583D4183}.Debug|Any CPU.ActiveCfg = Debug|Any CPU
		{448EA4A8-D93B-4608-9DCC-F78F583D4183}.Debug|Any CPU.Build.0 = Debug|Any CPU
		{448EA4A8-D93B-4608-9DCC-F78F583D4183}.Release|Any CPU.ActiveCfg = Release|Any CPU
		{448EA4A8-D93B-4608-9DCC-F78F583D4183}.Release|Any CPU.Build.0 = Release|Any CPU
		{550A528B-C559-4A84-8298-3CF2C8547FAF}.Debug|Any CPU.ActiveCfg = Debug|Any CPU
		{550A528B-C559-4A84-8298-3CF2C8547FAF}.Debug|Any CPU.Build.0 = Debug|Any CPU
		{550A528B-C559-4A84-8298-3CF2C8547FAF}.Release|Any CPU.ActiveCfg = Release|Any CPU
		{550A528B-C559-4A84-8298-3CF2C8547FAF}.Release|Any CPU.Build.0 = Release|Any CPU
		{97CE3E22-467F-4129-97D4-49D9A528033B}.Debug|Any CPU.ActiveCfg = Debug|Any CPU
		{97CE3E22-467F-4129-97D4-49D9A528033B}.Debug|Any CPU.Build.0 = Debug|Any CPU
		{97CE3E22-467F-4129-97D4-49D9A528033B}.Release|Any CPU.ActiveCfg = Release|Any CPU
		{97CE3E22-467F-4129-97D4-49D9A528033B}.Release|Any CPU.Build.0 = Release|Any CPU
		{0B286500-0D7B-486E-A2F7-7A8A66327DE5}.Debug|Any CPU.ActiveCfg = Debug|Any CPU
		{0B286500-0D7B-486E-A2F7-7A8A66327DE5}.Debug|Any CPU.Build.0 = Debug|Any CPU
		{0B286500-0D7B-486E-A2F7-7A8A66327DE5}.Release|Any CPU.ActiveCfg = Release|Any CPU
		{0B286500-0D7B-486E-A2F7-7A8A66327DE5}.Release|Any CPU.Build.0 = Release|Any CPU
		{D85B904A-ED55-4AF4-8911-438681B7D238}.Debug|Any CPU.ActiveCfg = Debug|Any CPU
		{D85B904A-ED55-4AF4-8911-438681B7D238}.Debug|Any CPU.Build.0 = Debug|Any CPU
		{D85B904A-ED55-4AF4-8911-438681B7D238}.Release|Any CPU.ActiveCfg = Release|Any CPU
		{D85B904A-ED55-4AF4-8911-438681B7D238}.Release|Any CPU.Build.0 = Release|Any CPU
		{A84E6DBC-802B-409E-AB72-BC7527065ED4}.Debug|Any CPU.ActiveCfg = Debug|Any CPU
		{A84E6DBC-802B-409E-AB72-BC7527065ED4}.Debug|Any CPU.Build.0 = Debug|Any CPU
		{A84E6DBC-802B-409E-AB72-BC7527065ED4}.Release|Any CPU.ActiveCfg = Release|Any CPU
		{A84E6DBC-802B-409E-AB72-BC7527065ED4}.Release|Any CPU.Build.0 = Release|Any CPU
		{42564CDA-F979-4FA9-AF6F-75F549335F78}.Debug|Any CPU.ActiveCfg = Debug|Any CPU
		{42564CDA-F979-4FA9-AF6F-75F549335F78}.Debug|Any CPU.Build.0 = Debug|Any CPU
		{42564CDA-F979-4FA9-AF6F-75F549335F78}.Release|Any CPU.ActiveCfg = Release|Any CPU
		{42564CDA-F979-4FA9-AF6F-75F549335F78}.Release|Any CPU.Build.0 = Release|Any CPU
		{5C4F642E-C276-4FE2-8F04-A705EAC503A2}.Debug|Any CPU.ActiveCfg = Debug|Any CPU
		{5C4F642E-C276-4FE2-8F04-A705EAC503A2}.Debug|Any CPU.Build.0 = Debug|Any CPU
		{5C4F642E-C276-4FE2-8F04-A705EAC503A2}.Release|Any CPU.ActiveCfg = Release|Any CPU
		{5C4F642E-C276-4FE2-8F04-A705EAC503A2}.Release|Any CPU.Build.0 = Release|Any CPU
		{CBF67523-E2DA-4158-839E-58DFE50FD1E6}.Debug|Any CPU.ActiveCfg = Debug|Any CPU
		{CBF67523-E2DA-4158-839E-58DFE50FD1E6}.Debug|Any CPU.Build.0 = Debug|Any CPU
		{CBF67523-E2DA-4158-839E-58DFE50FD1E6}.Release|Any CPU.ActiveCfg = Release|Any CPU
		{CBF67523-E2DA-4158-839E-58DFE50FD1E6}.Release|Any CPU.Build.0 = Release|Any CPU
		{AAAAECC1-B020-476A-AFB8-6C439ECBBC79}.Debug|Any CPU.ActiveCfg = Debug|Any CPU
		{AAAAECC1-B020-476A-AFB8-6C439ECBBC79}.Debug|Any CPU.Build.0 = Debug|Any CPU
		{AAAAECC1-B020-476A-AFB8-6C439ECBBC79}.Release|Any CPU.ActiveCfg = Release|Any CPU
		{AAAAECC1-B020-476A-AFB8-6C439ECBBC79}.Release|Any CPU.Build.0 = Release|Any CPU
		{E599A5B3-D989-4D92-BABB-2CA526524B15}.Debug|Any CPU.ActiveCfg = Debug|Any CPU
		{E599A5B3-D989-4D92-BABB-2CA526524B15}.Debug|Any CPU.Build.0 = Debug|Any CPU
		{E599A5B3-D989-4D92-BABB-2CA526524B15}.Release|Any CPU.ActiveCfg = Release|Any CPU
		{E599A5B3-D989-4D92-BABB-2CA526524B15}.Release|Any CPU.Build.0 = Release|Any CPU
		{F7FB3208-959E-4BAF-AABF-0BBF8C9795FD}.Debug|Any CPU.ActiveCfg = Debug|Any CPU
		{F7FB3208-959E-4BAF-AABF-0BBF8C9795FD}.Debug|Any CPU.Build.0 = Debug|Any CPU
		{F7FB3208-959E-4BAF-AABF-0BBF8C9795FD}.Release|Any CPU.ActiveCfg = Release|Any CPU
		{F7FB3208-959E-4BAF-AABF-0BBF8C9795FD}.Release|Any CPU.Build.0 = Release|Any CPU
		{606C851C-4A33-4634-849F-E50450A63F01}.Debug|Any CPU.ActiveCfg = Debug|Any CPU
		{606C851C-4A33-4634-849F-E50450A63F01}.Debug|Any CPU.Build.0 = Debug|Any CPU
		{606C851C-4A33-4634-849F-E50450A63F01}.Release|Any CPU.ActiveCfg = Release|Any CPU
		{606C851C-4A33-4634-849F-E50450A63F01}.Release|Any CPU.Build.0 = Release|Any CPU
		{A2BDF7F4-D1A9-40A4-BC0B-B2F54DF8835C}.Debug|Any CPU.ActiveCfg = Debug|Any CPU
		{A2BDF7F4-D1A9-40A4-BC0B-B2F54DF8835C}.Debug|Any CPU.Build.0 = Debug|Any CPU
		{A2BDF7F4-D1A9-40A4-BC0B-B2F54DF8835C}.Release|Any CPU.ActiveCfg = Release|Any CPU
		{A2BDF7F4-D1A9-40A4-BC0B-B2F54DF8835C}.Release|Any CPU.Build.0 = Release|Any CPU
		{BA6369D0-7BBF-4C22-8864-350C4CBD166E}.Debug|Any CPU.ActiveCfg = Debug|Any CPU
		{BA6369D0-7BBF-4C22-8864-350C4CBD166E}.Debug|Any CPU.Build.0 = Debug|Any CPU
		{BA6369D0-7BBF-4C22-8864-350C4CBD166E}.Release|Any CPU.ActiveCfg = Release|Any CPU
		{BA6369D0-7BBF-4C22-8864-350C4CBD166E}.Release|Any CPU.Build.0 = Release|Any CPU
		{3F039350-9AD4-456B-9D45-D5B71B17E2F1}.Debug|Any CPU.ActiveCfg = Debug|Any CPU
		{3F039350-9AD4-456B-9D45-D5B71B17E2F1}.Debug|Any CPU.Build.0 = Debug|Any CPU
		{3F039350-9AD4-456B-9D45-D5B71B17E2F1}.Release|Any CPU.ActiveCfg = Release|Any CPU
		{3F039350-9AD4-456B-9D45-D5B71B17E2F1}.Release|Any CPU.Build.0 = Release|Any CPU
		{587AE301-714C-4C3A-9D4B-0A9A1A339240}.Debug|Any CPU.ActiveCfg = Debug|Any CPU
		{587AE301-714C-4C3A-9D4B-0A9A1A339240}.Debug|Any CPU.Build.0 = Debug|Any CPU
		{587AE301-714C-4C3A-9D4B-0A9A1A339240}.Release|Any CPU.ActiveCfg = Release|Any CPU
		{587AE301-714C-4C3A-9D4B-0A9A1A339240}.Release|Any CPU.Build.0 = Release|Any CPU
		{1A4BB157-33D2-4677-933F-88B3CDAD0EC7}.Debug|Any CPU.ActiveCfg = Debug|Any CPU
		{1A4BB157-33D2-4677-933F-88B3CDAD0EC7}.Debug|Any CPU.Build.0 = Debug|Any CPU
		{1A4BB157-33D2-4677-933F-88B3CDAD0EC7}.Release|Any CPU.ActiveCfg = Release|Any CPU
		{1A4BB157-33D2-4677-933F-88B3CDAD0EC7}.Release|Any CPU.Build.0 = Release|Any CPU
		{795C387D-06A2-4C70-8EB6-3643798B9969}.Debug|Any CPU.ActiveCfg = Debug|Any CPU
		{795C387D-06A2-4C70-8EB6-3643798B9969}.Debug|Any CPU.Build.0 = Debug|Any CPU
		{795C387D-06A2-4C70-8EB6-3643798B9969}.Release|Any CPU.ActiveCfg = Release|Any CPU
		{795C387D-06A2-4C70-8EB6-3643798B9969}.Release|Any CPU.Build.0 = Release|Any CPU
		{FE8C703D-4744-4A82-9105-BAADC935794F}.Debug|Any CPU.ActiveCfg = Debug|Any CPU
		{FE8C703D-4744-4A82-9105-BAADC935794F}.Debug|Any CPU.Build.0 = Debug|Any CPU
		{FE8C703D-4744-4A82-9105-BAADC935794F}.Release|Any CPU.ActiveCfg = Release|Any CPU
		{FE8C703D-4744-4A82-9105-BAADC935794F}.Release|Any CPU.Build.0 = Release|Any CPU
		{9AA7D31F-08C6-4758-A5BC-35AF28BC3C59}.Debug|Any CPU.ActiveCfg = Debug|Any CPU
		{9AA7D31F-08C6-4758-A5BC-35AF28BC3C59}.Debug|Any CPU.Build.0 = Debug|Any CPU
		{9AA7D31F-08C6-4758-A5BC-35AF28BC3C59}.Release|Any CPU.ActiveCfg = Release|Any CPU
		{9AA7D31F-08C6-4758-A5BC-35AF28BC3C59}.Release|Any CPU.Build.0 = Release|Any CPU
		{F3FAB929-7490-4075-8C6D-F7ACDA37E6F4}.Debug|Any CPU.ActiveCfg = Debug|Any CPU
		{F3FAB929-7490-4075-8C6D-F7ACDA37E6F4}.Debug|Any CPU.Build.0 = Debug|Any CPU
		{F3FAB929-7490-4075-8C6D-F7ACDA37E6F4}.Release|Any CPU.ActiveCfg = Release|Any CPU
		{F3FAB929-7490-4075-8C6D-F7ACDA37E6F4}.Release|Any CPU.Build.0 = Release|Any CPU
		{73010EDF-494E-4C0A-B813-98B29ACC03F8}.Debug|Any CPU.ActiveCfg = Debug|Any CPU
		{73010EDF-494E-4C0A-B813-98B29ACC03F8}.Debug|Any CPU.Build.0 = Debug|Any CPU
		{73010EDF-494E-4C0A-B813-98B29ACC03F8}.Release|Any CPU.ActiveCfg = Release|Any CPU
		{73010EDF-494E-4C0A-B813-98B29ACC03F8}.Release|Any CPU.Build.0 = Release|Any CPU
		{C6E20AC4-2106-4336-95FB-C61653226AE8}.Debug|Any CPU.ActiveCfg = Debug|Any CPU
		{C6E20AC4-2106-4336-95FB-C61653226AE8}.Debug|Any CPU.Build.0 = Debug|Any CPU
		{C6E20AC4-2106-4336-95FB-C61653226AE8}.Release|Any CPU.ActiveCfg = Release|Any CPU
		{C6E20AC4-2106-4336-95FB-C61653226AE8}.Release|Any CPU.Build.0 = Release|Any CPU
		{F39877CF-669F-4D20-BB1C-5C8725040760}.Debug|Any CPU.ActiveCfg = Debug|Any CPU
		{F39877CF-669F-4D20-BB1C-5C8725040760}.Debug|Any CPU.Build.0 = Debug|Any CPU
		{F39877CF-669F-4D20-BB1C-5C8725040760}.Release|Any CPU.ActiveCfg = Release|Any CPU
		{F39877CF-669F-4D20-BB1C-5C8725040760}.Release|Any CPU.Build.0 = Release|Any CPU
		{F26F902F-AB3F-4249-9A32-518515156927}.Debug|Any CPU.ActiveCfg = Debug|Any CPU
		{F26F902F-AB3F-4249-9A32-518515156927}.Debug|Any CPU.Build.0 = Debug|Any CPU
		{F26F902F-AB3F-4249-9A32-518515156927}.Release|Any CPU.ActiveCfg = Release|Any CPU
		{F26F902F-AB3F-4249-9A32-518515156927}.Release|Any CPU.Build.0 = Release|Any CPU
		{1E2917DC-D92B-4FDE-BF41-5813E8879E8D}.Debug|Any CPU.ActiveCfg = Debug|Any CPU
		{1E2917DC-D92B-4FDE-BF41-5813E8879E8D}.Debug|Any CPU.Build.0 = Debug|Any CPU
		{1E2917DC-D92B-4FDE-BF41-5813E8879E8D}.Release|Any CPU.ActiveCfg = Release|Any CPU
		{1E2917DC-D92B-4FDE-BF41-5813E8879E8D}.Release|Any CPU.Build.0 = Release|Any CPU
		{1DEE2E64-327D-499A-B023-531AE65A10E4}.Debug|Any CPU.ActiveCfg = Debug|Any CPU
		{1DEE2E64-327D-499A-B023-531AE65A10E4}.Debug|Any CPU.Build.0 = Debug|Any CPU
		{1DEE2E64-327D-499A-B023-531AE65A10E4}.Release|Any CPU.ActiveCfg = Release|Any CPU
		{1DEE2E64-327D-499A-B023-531AE65A10E4}.Release|Any CPU.Build.0 = Release|Any CPU
		{C275177C-77FD-4701-9D94-B607AB07832A}.Debug|Any CPU.ActiveCfg = Debug|Any CPU
		{C275177C-77FD-4701-9D94-B607AB07832A}.Debug|Any CPU.Build.0 = Debug|Any CPU
		{C275177C-77FD-4701-9D94-B607AB07832A}.Release|Any CPU.ActiveCfg = Release|Any CPU
		{C275177C-77FD-4701-9D94-B607AB07832A}.Release|Any CPU.Build.0 = Release|Any CPU
		{C4F527F9-C96B-4188-8A63-27E02FDAB62C}.Debug|Any CPU.ActiveCfg = Debug|Any CPU
		{C4F527F9-C96B-4188-8A63-27E02FDAB62C}.Debug|Any CPU.Build.0 = Debug|Any CPU
		{C4F527F9-C96B-4188-8A63-27E02FDAB62C}.Release|Any CPU.ActiveCfg = Release|Any CPU
		{C4F527F9-C96B-4188-8A63-27E02FDAB62C}.Release|Any CPU.Build.0 = Release|Any CPU
		{E4B302CD-3FD0-4F51-8C4C-88F9448BC1DF}.Debug|Any CPU.ActiveCfg = Debug|Any CPU
		{E4B302CD-3FD0-4F51-8C4C-88F9448BC1DF}.Debug|Any CPU.Build.0 = Debug|Any CPU
		{E4B302CD-3FD0-4F51-8C4C-88F9448BC1DF}.Release|Any CPU.ActiveCfg = Release|Any CPU
		{E4B302CD-3FD0-4F51-8C4C-88F9448BC1DF}.Release|Any CPU.Build.0 = Release|Any CPU
		{2F554BC8-B7FE-44B8-9175-DA31A997AE08}.Debug|Any CPU.ActiveCfg = Debug|Any CPU
		{2F554BC8-B7FE-44B8-9175-DA31A997AE08}.Debug|Any CPU.Build.0 = Debug|Any CPU
		{2F554BC8-B7FE-44B8-9175-DA31A997AE08}.Release|Any CPU.ActiveCfg = Release|Any CPU
		{2F554BC8-B7FE-44B8-9175-DA31A997AE08}.Release|Any CPU.Build.0 = Release|Any CPU
		{3A7B3551-1DA9-4D96-BD62-60D5061F1037}.Debug|Any CPU.ActiveCfg = Debug|Any CPU
		{3A7B3551-1DA9-4D96-BD62-60D5061F1037}.Debug|Any CPU.Build.0 = Debug|Any CPU
		{3A7B3551-1DA9-4D96-BD62-60D5061F1037}.Release|Any CPU.ActiveCfg = Release|Any CPU
		{3A7B3551-1DA9-4D96-BD62-60D5061F1037}.Release|Any CPU.Build.0 = Release|Any CPU
		{8119D238-0635-45D1-A8A8-1BABA556DBAE}.Debug|Any CPU.ActiveCfg = Debug|Any CPU
		{8119D238-0635-45D1-A8A8-1BABA556DBAE}.Debug|Any CPU.Build.0 = Debug|Any CPU
		{8119D238-0635-45D1-A8A8-1BABA556DBAE}.Release|Any CPU.ActiveCfg = Release|Any CPU
		{8119D238-0635-45D1-A8A8-1BABA556DBAE}.Release|Any CPU.Build.0 = Release|Any CPU
		{D8549AAD-ED51-495E-A8E0-26AC059EC9DD}.Debug|Any CPU.ActiveCfg = Debug|Any CPU
		{D8549AAD-ED51-495E-A8E0-26AC059EC9DD}.Debug|Any CPU.Build.0 = Debug|Any CPU
		{D8549AAD-ED51-495E-A8E0-26AC059EC9DD}.Release|Any CPU.ActiveCfg = Release|Any CPU
		{D8549AAD-ED51-495E-A8E0-26AC059EC9DD}.Release|Any CPU.Build.0 = Release|Any CPU
		{703660AF-F6C9-475E-8A8C-EE40A145A69E}.Debug|Any CPU.ActiveCfg = Debug|Any CPU
		{703660AF-F6C9-475E-8A8C-EE40A145A69E}.Debug|Any CPU.Build.0 = Debug|Any CPU
		{703660AF-F6C9-475E-8A8C-EE40A145A69E}.Release|Any CPU.ActiveCfg = Release|Any CPU
		{703660AF-F6C9-475E-8A8C-EE40A145A69E}.Release|Any CPU.Build.0 = Release|Any CPU
		{3AF5EBD3-22E4-42D0-9815-A5F79E69B0C6}.Debug|Any CPU.ActiveCfg = Debug|Any CPU
		{3AF5EBD3-22E4-42D0-9815-A5F79E69B0C6}.Debug|Any CPU.Build.0 = Debug|Any CPU
		{3AF5EBD3-22E4-42D0-9815-A5F79E69B0C6}.Release|Any CPU.ActiveCfg = Release|Any CPU
		{3AF5EBD3-22E4-42D0-9815-A5F79E69B0C6}.Release|Any CPU.Build.0 = Release|Any CPU
		{AEE17D86-7DC7-4ACB-A5B8-134C0CADE3CC}.Debug|Any CPU.ActiveCfg = Debug|Any CPU
		{AEE17D86-7DC7-4ACB-A5B8-134C0CADE3CC}.Debug|Any CPU.Build.0 = Debug|Any CPU
		{AEE17D86-7DC7-4ACB-A5B8-134C0CADE3CC}.Release|Any CPU.ActiveCfg = Release|Any CPU
		{AEE17D86-7DC7-4ACB-A5B8-134C0CADE3CC}.Release|Any CPU.Build.0 = Release|Any CPU
		{5327EACD-D9E9-49FC-8CD2-B2F121FD6C5B}.Debug|Any CPU.ActiveCfg = Debug|Any CPU
		{5327EACD-D9E9-49FC-8CD2-B2F121FD6C5B}.Debug|Any CPU.Build.0 = Debug|Any CPU
		{5327EACD-D9E9-49FC-8CD2-B2F121FD6C5B}.Release|Any CPU.ActiveCfg = Release|Any CPU
		{5327EACD-D9E9-49FC-8CD2-B2F121FD6C5B}.Release|Any CPU.Build.0 = Release|Any CPU
		{8541FCE2-F080-486E-8685-BDB62A9052ED}.Debug|Any CPU.ActiveCfg = Debug|Any CPU
		{8541FCE2-F080-486E-8685-BDB62A9052ED}.Debug|Any CPU.Build.0 = Debug|Any CPU
		{8541FCE2-F080-486E-8685-BDB62A9052ED}.Release|Any CPU.ActiveCfg = Release|Any CPU
		{8541FCE2-F080-486E-8685-BDB62A9052ED}.Release|Any CPU.Build.0 = Release|Any CPU
		{E07CB1DE-F3E2-4110-B99D-492838EC2A2C}.Debug|Any CPU.ActiveCfg = Debug|Any CPU
		{E07CB1DE-F3E2-4110-B99D-492838EC2A2C}.Debug|Any CPU.Build.0 = Debug|Any CPU
		{E07CB1DE-F3E2-4110-B99D-492838EC2A2C}.Release|Any CPU.ActiveCfg = Release|Any CPU
		{E07CB1DE-F3E2-4110-B99D-492838EC2A2C}.Release|Any CPU.Build.0 = Release|Any CPU
		{D195E75B-8C63-4632-A0B4-E31992FC104C}.Debug|Any CPU.ActiveCfg = Debug|Any CPU
		{D195E75B-8C63-4632-A0B4-E31992FC104C}.Debug|Any CPU.Build.0 = Debug|Any CPU
		{D195E75B-8C63-4632-A0B4-E31992FC104C}.Release|Any CPU.ActiveCfg = Release|Any CPU
		{D195E75B-8C63-4632-A0B4-E31992FC104C}.Release|Any CPU.Build.0 = Release|Any CPU
		{D343BB3D-94AD-41DF-868B-38ADD258291B}.Debug|Any CPU.ActiveCfg = Debug|Any CPU
		{D343BB3D-94AD-41DF-868B-38ADD258291B}.Debug|Any CPU.Build.0 = Debug|Any CPU
		{D343BB3D-94AD-41DF-868B-38ADD258291B}.Release|Any CPU.ActiveCfg = Release|Any CPU
		{D343BB3D-94AD-41DF-868B-38ADD258291B}.Release|Any CPU.Build.0 = Release|Any CPU
		{02ACE5B4-99C8-4395-ACDC-11475DA1C326}.Debug|Any CPU.ActiveCfg = Debug|Any CPU
		{02ACE5B4-99C8-4395-ACDC-11475DA1C326}.Debug|Any CPU.Build.0 = Debug|Any CPU
		{02ACE5B4-99C8-4395-ACDC-11475DA1C326}.Release|Any CPU.ActiveCfg = Release|Any CPU
		{02ACE5B4-99C8-4395-ACDC-11475DA1C326}.Release|Any CPU.Build.0 = Release|Any CPU
		{D06BFF53-6BB6-49C6-AEB5-3626D29DC381}.Debug|Any CPU.ActiveCfg = Debug|Any CPU
		{D06BFF53-6BB6-49C6-AEB5-3626D29DC381}.Debug|Any CPU.Build.0 = Debug|Any CPU
		{D06BFF53-6BB6-49C6-AEB5-3626D29DC381}.Release|Any CPU.ActiveCfg = Release|Any CPU
		{D06BFF53-6BB6-49C6-AEB5-3626D29DC381}.Release|Any CPU.Build.0 = Release|Any CPU
		{B393F45D-088A-4F17-8437-D7CB6CF358C8}.Debug|Any CPU.ActiveCfg = Debug|Any CPU
		{B393F45D-088A-4F17-8437-D7CB6CF358C8}.Debug|Any CPU.Build.0 = Debug|Any CPU
		{B393F45D-088A-4F17-8437-D7CB6CF358C8}.Release|Any CPU.ActiveCfg = Release|Any CPU
		{B393F45D-088A-4F17-8437-D7CB6CF358C8}.Release|Any CPU.Build.0 = Release|Any CPU
		{AB3F3C30-21D9-4120-B582-D4C46656FD75}.Debug|Any CPU.ActiveCfg = Debug|Any CPU
		{AB3F3C30-21D9-4120-B582-D4C46656FD75}.Debug|Any CPU.Build.0 = Debug|Any CPU
		{AB3F3C30-21D9-4120-B582-D4C46656FD75}.Release|Any CPU.ActiveCfg = Release|Any CPU
		{AB3F3C30-21D9-4120-B582-D4C46656FD75}.Release|Any CPU.Build.0 = Release|Any CPU
		{2705E6B7-F014-4710-B924-E85307828B5F}.Debug|Any CPU.ActiveCfg = Debug|Any CPU
		{2705E6B7-F014-4710-B924-E85307828B5F}.Debug|Any CPU.Build.0 = Debug|Any CPU
		{2705E6B7-F014-4710-B924-E85307828B5F}.Release|Any CPU.ActiveCfg = Release|Any CPU
		{2705E6B7-F014-4710-B924-E85307828B5F}.Release|Any CPU.Build.0 = Release|Any CPU
		{9D4E2046-8081-419D-B010-70D4CE0D7905}.Debug|Any CPU.ActiveCfg = Debug|Any CPU
		{9D4E2046-8081-419D-B010-70D4CE0D7905}.Debug|Any CPU.Build.0 = Debug|Any CPU
		{9D4E2046-8081-419D-B010-70D4CE0D7905}.Release|Any CPU.ActiveCfg = Release|Any CPU
		{9D4E2046-8081-419D-B010-70D4CE0D7905}.Release|Any CPU.Build.0 = Release|Any CPU
		{4EEB85F0-BB42-4EFE-9075-9E1C92A8DC8A}.Debug|Any CPU.ActiveCfg = Debug|Any CPU
		{4EEB85F0-BB42-4EFE-9075-9E1C92A8DC8A}.Debug|Any CPU.Build.0 = Debug|Any CPU
		{4EEB85F0-BB42-4EFE-9075-9E1C92A8DC8A}.Release|Any CPU.ActiveCfg = Release|Any CPU
		{4EEB85F0-BB42-4EFE-9075-9E1C92A8DC8A}.Release|Any CPU.Build.0 = Release|Any CPU
		{86B7AF86-4318-4955-8744-0D6A14EE69CB}.Debug|Any CPU.ActiveCfg = Debug|Any CPU
		{86B7AF86-4318-4955-8744-0D6A14EE69CB}.Debug|Any CPU.Build.0 = Debug|Any CPU
		{86B7AF86-4318-4955-8744-0D6A14EE69CB}.Release|Any CPU.ActiveCfg = Release|Any CPU
		{86B7AF86-4318-4955-8744-0D6A14EE69CB}.Release|Any CPU.Build.0 = Release|Any CPU
		{783CF747-6F28-40C9-B074-78DBB2205CA0}.Debug|Any CPU.ActiveCfg = Debug|Any CPU
		{783CF747-6F28-40C9-B074-78DBB2205CA0}.Debug|Any CPU.Build.0 = Debug|Any CPU
		{783CF747-6F28-40C9-B074-78DBB2205CA0}.Release|Any CPU.ActiveCfg = Release|Any CPU
		{783CF747-6F28-40C9-B074-78DBB2205CA0}.Release|Any CPU.Build.0 = Release|Any CPU
		{062B7E4F-C35D-44D0-96A5-12AAA9C444D2}.Debug|Any CPU.ActiveCfg = Debug|Any CPU
		{062B7E4F-C35D-44D0-96A5-12AAA9C444D2}.Debug|Any CPU.Build.0 = Debug|Any CPU
		{062B7E4F-C35D-44D0-96A5-12AAA9C444D2}.Release|Any CPU.ActiveCfg = Release|Any CPU
		{062B7E4F-C35D-44D0-96A5-12AAA9C444D2}.Release|Any CPU.Build.0 = Release|Any CPU
		{CFF48D2A-ACB2-46C9-BA5D-05101C82580D}.Debug|Any CPU.ActiveCfg = Debug|Any CPU
		{CFF48D2A-ACB2-46C9-BA5D-05101C82580D}.Debug|Any CPU.Build.0 = Debug|Any CPU
		{CFF48D2A-ACB2-46C9-BA5D-05101C82580D}.Release|Any CPU.ActiveCfg = Release|Any CPU
		{CFF48D2A-ACB2-46C9-BA5D-05101C82580D}.Release|Any CPU.Build.0 = Release|Any CPU
		{8B0E1FA2-8AF5-4742-98E4-90043EC0F4F0}.Debug|Any CPU.ActiveCfg = Debug|Any CPU
		{8B0E1FA2-8AF5-4742-98E4-90043EC0F4F0}.Debug|Any CPU.Build.0 = Debug|Any CPU
		{8B0E1FA2-8AF5-4742-98E4-90043EC0F4F0}.Release|Any CPU.ActiveCfg = Release|Any CPU
		{8B0E1FA2-8AF5-4742-98E4-90043EC0F4F0}.Release|Any CPU.Build.0 = Release|Any CPU
		{E9900C4C-9B3D-49CA-91D6-6F4809CBFB46}.Debug|Any CPU.ActiveCfg = Debug|Any CPU
		{E9900C4C-9B3D-49CA-91D6-6F4809CBFB46}.Debug|Any CPU.Build.0 = Debug|Any CPU
		{E9900C4C-9B3D-49CA-91D6-6F4809CBFB46}.Release|Any CPU.ActiveCfg = Release|Any CPU
		{E9900C4C-9B3D-49CA-91D6-6F4809CBFB46}.Release|Any CPU.Build.0 = Release|Any CPU
		{83CD6C98-71EB-475E-BED7-7203053346C6}.Debug|Any CPU.ActiveCfg = Debug|Any CPU
		{83CD6C98-71EB-475E-BED7-7203053346C6}.Debug|Any CPU.Build.0 = Debug|Any CPU
		{83CD6C98-71EB-475E-BED7-7203053346C6}.Release|Any CPU.ActiveCfg = Release|Any CPU
		{83CD6C98-71EB-475E-BED7-7203053346C6}.Release|Any CPU.Build.0 = Release|Any CPU
		{E803A424-B80C-4A85-BBCD-56714EFC8083}.Debug|Any CPU.ActiveCfg = Debug|Any CPU
		{E803A424-B80C-4A85-BBCD-56714EFC8083}.Debug|Any CPU.Build.0 = Debug|Any CPU
		{E803A424-B80C-4A85-BBCD-56714EFC8083}.Release|Any CPU.ActiveCfg = Release|Any CPU
		{E803A424-B80C-4A85-BBCD-56714EFC8083}.Release|Any CPU.Build.0 = Release|Any CPU
		{84FF6BB8-0E30-49BE-B878-7C0B4E4918AF}.Debug|Any CPU.ActiveCfg = Debug|Any CPU
		{84FF6BB8-0E30-49BE-B878-7C0B4E4918AF}.Debug|Any CPU.Build.0 = Debug|Any CPU
		{84FF6BB8-0E30-49BE-B878-7C0B4E4918AF}.Release|Any CPU.ActiveCfg = Release|Any CPU
		{84FF6BB8-0E30-49BE-B878-7C0B4E4918AF}.Release|Any CPU.Build.0 = Release|Any CPU
		{497C2B38-24A6-4CC1-B414-BA85E1EDA7BB}.Debug|Any CPU.ActiveCfg = Debug|Any CPU
		{497C2B38-24A6-4CC1-B414-BA85E1EDA7BB}.Debug|Any CPU.Build.0 = Debug|Any CPU
		{497C2B38-24A6-4CC1-B414-BA85E1EDA7BB}.Release|Any CPU.ActiveCfg = Release|Any CPU
		{497C2B38-24A6-4CC1-B414-BA85E1EDA7BB}.Release|Any CPU.Build.0 = Release|Any CPU
		{D1607B5E-9CE8-49A7-9CF0-4461C7542AA0}.Debug|Any CPU.ActiveCfg = Debug|Any CPU
		{D1607B5E-9CE8-49A7-9CF0-4461C7542AA0}.Debug|Any CPU.Build.0 = Debug|Any CPU
		{D1607B5E-9CE8-49A7-9CF0-4461C7542AA0}.Release|Any CPU.ActiveCfg = Release|Any CPU
		{D1607B5E-9CE8-49A7-9CF0-4461C7542AA0}.Release|Any CPU.Build.0 = Release|Any CPU
		{63E0DC2C-7898-47AF-ACD7-113AB1708E64}.Debug|Any CPU.ActiveCfg = Debug|Any CPU
		{63E0DC2C-7898-47AF-ACD7-113AB1708E64}.Debug|Any CPU.Build.0 = Debug|Any CPU
		{63E0DC2C-7898-47AF-ACD7-113AB1708E64}.Release|Any CPU.ActiveCfg = Release|Any CPU
		{63E0DC2C-7898-47AF-ACD7-113AB1708E64}.Release|Any CPU.Build.0 = Release|Any CPU
		{DCB2E123-4B68-4B65-BD30-B4CAA301C144}.Debug|Any CPU.ActiveCfg = Debug|Any CPU
		{DCB2E123-4B68-4B65-BD30-B4CAA301C144}.Debug|Any CPU.Build.0 = Debug|Any CPU
		{DCB2E123-4B68-4B65-BD30-B4CAA301C144}.Release|Any CPU.ActiveCfg = Release|Any CPU
		{DCB2E123-4B68-4B65-BD30-B4CAA301C144}.Release|Any CPU.Build.0 = Release|Any CPU
		{0256A091-5EC5-4B33-B19C-0C5ED1357F99}.Debug|Any CPU.ActiveCfg = Debug|Any CPU
		{0256A091-5EC5-4B33-B19C-0C5ED1357F99}.Debug|Any CPU.Build.0 = Debug|Any CPU
		{0256A091-5EC5-4B33-B19C-0C5ED1357F99}.Release|Any CPU.ActiveCfg = Release|Any CPU
		{0256A091-5EC5-4B33-B19C-0C5ED1357F99}.Release|Any CPU.Build.0 = Release|Any CPU
		{7FE12533-5356-4B89-A52E-954B500BB3ED}.Debug|Any CPU.ActiveCfg = Debug|Any CPU
		{7FE12533-5356-4B89-A52E-954B500BB3ED}.Debug|Any CPU.Build.0 = Debug|Any CPU
		{7FE12533-5356-4B89-A52E-954B500BB3ED}.Release|Any CPU.ActiveCfg = Release|Any CPU
		{7FE12533-5356-4B89-A52E-954B500BB3ED}.Release|Any CPU.Build.0 = Release|Any CPU
		{5F9611FF-276E-4B11-A747-AC3ABF6C470C}.Debug|Any CPU.ActiveCfg = Debug|Any CPU
		{5F9611FF-276E-4B11-A747-AC3ABF6C470C}.Debug|Any CPU.Build.0 = Debug|Any CPU
		{5F9611FF-276E-4B11-A747-AC3ABF6C470C}.Release|Any CPU.ActiveCfg = Release|Any CPU
		{5F9611FF-276E-4B11-A747-AC3ABF6C470C}.Release|Any CPU.Build.0 = Release|Any CPU
		{7D2214EF-12B1-4A7B-934F-F752009481D8}.Debug|Any CPU.ActiveCfg = Debug|Any CPU
		{7D2214EF-12B1-4A7B-934F-F752009481D8}.Debug|Any CPU.Build.0 = Debug|Any CPU
		{7D2214EF-12B1-4A7B-934F-F752009481D8}.Release|Any CPU.ActiveCfg = Release|Any CPU
		{7D2214EF-12B1-4A7B-934F-F752009481D8}.Release|Any CPU.Build.0 = Release|Any CPU
		{677297EB-7EE6-4B69-80D7-9B655AA421E9}.Debug|Any CPU.ActiveCfg = Debug|Any CPU
		{677297EB-7EE6-4B69-80D7-9B655AA421E9}.Debug|Any CPU.Build.0 = Debug|Any CPU
		{677297EB-7EE6-4B69-80D7-9B655AA421E9}.Release|Any CPU.ActiveCfg = Release|Any CPU
		{677297EB-7EE6-4B69-80D7-9B655AA421E9}.Release|Any CPU.Build.0 = Release|Any CPU
		{CB3BE5FB-DA2F-4C1F-ACB0-4B161439A598}.Debug|Any CPU.ActiveCfg = Debug|Any CPU
		{CB3BE5FB-DA2F-4C1F-ACB0-4B161439A598}.Debug|Any CPU.Build.0 = Debug|Any CPU
		{CB3BE5FB-DA2F-4C1F-ACB0-4B161439A598}.Release|Any CPU.ActiveCfg = Release|Any CPU
		{CB3BE5FB-DA2F-4C1F-ACB0-4B161439A598}.Release|Any CPU.Build.0 = Release|Any CPU
		{75E5543C-55D2-4432-AB90-714838B3DA3D}.Debug|Any CPU.ActiveCfg = Debug|Any CPU
		{75E5543C-55D2-4432-AB90-714838B3DA3D}.Debug|Any CPU.Build.0 = Debug|Any CPU
		{75E5543C-55D2-4432-AB90-714838B3DA3D}.Release|Any CPU.ActiveCfg = Release|Any CPU
		{75E5543C-55D2-4432-AB90-714838B3DA3D}.Release|Any CPU.Build.0 = Release|Any CPU
	EndGlobalSection
	GlobalSection(SolutionProperties) = preSolution
		HideSolutionNode = FALSE
	EndGlobalSection
	GlobalSection(ExtensibilityGlobals) = postSolution
		SolutionGuid = {31BDEFD5-D0E6-4E6A-892F-BF799F3529C7}
	EndGlobalSection
EndGlobal
